
Microsoft Visual Studio Solution File, Format Version 12.00
# Visual Studio Version 17
VisualStudioVersion = 17.9.34723.18
MinimumVisualStudioVersion = 10.0.40219.1
Project("{FAE04EC0-301F-11D3-BF4B-00C04F79EFBC}") = "HelloTriangle", "HelloTriangle\HelloTriangle.csproj", "{D19BC484-442D-4A23-B3F9-3FC892AA19A2}"
EndProject
Global
	GlobalSection(SolutionConfigurationPlatforms) = preSolution
		Debug|Any CPU = Debug|Any CPU
		Release|Any CPU = Release|Any CPU
	EndGlobalSection
	GlobalSection(ProjectConfigurationPlatforms) = postSolution
		{D19BC484-442D-4A23-B3F9-3FC892AA19A2}.Debug|Any CPU.ActiveCfg = Debug|Any CPU
		{D19BC484-442D-4A23-B3F9-3FC892AA19A2}.Debug|Any CPU.Build.0 = Debug|Any CPU
		{D19BC484-442D-4A23-B3F9-3FC892AA19A2}.Release|Any CPU.ActiveCfg = Release|Any CPU
		{D19BC484-442D-4A23-B3F9-3FC892AA19A2}.Release|Any CPU.Build.0 = Release|Any CPU
	EndGlobalSection
	GlobalSection(SolutionProperties) = preSolution
		HideSolutionNode = FALSE
	EndGlobalSection
	GlobalSection(ExtensibilityGlobals) = postSolution
		SolutionGuid = {51B16863-F961-42E3-9572-CE5896240771}
	EndGlobalSection
EndGlobal
